
Microsoft Visual Studio Solution File, Format Version 12.00
# Visual Studio Version 16
VisualStudioVersion = 16.0.30011.22
MinimumVisualStudioVersion = 10.0.40219.1
Project("{FAE04EC0-301F-11D3-BF4B-00C04F79EFBC}") = "PizzaPlanetProject", "PizzaPlanetProject\PizzaPlanetProject.csproj", "{392BA0A0-BDBA-4E1C-8DE0-AB87F88FCC70}"
EndProject
Global
	GlobalSection(SolutionConfigurationPlatforms) = preSolution
		Debug|Any CPU = Debug|Any CPU
		Release|Any CPU = Release|Any CPU
	EndGlobalSection
	GlobalSection(ProjectConfigurationPlatforms) = postSolution
		{392BA0A0-BDBA-4E1C-8DE0-AB87F88FCC70}.Debug|Any CPU.ActiveCfg = Debug|Any CPU
		{392BA0A0-BDBA-4E1C-8DE0-AB87F88FCC70}.Debug|Any CPU.Build.0 = Debug|Any CPU
		{392BA0A0-BDBA-4E1C-8DE0-AB87F88FCC70}.Release|Any CPU.ActiveCfg = Release|Any CPU
		{392BA0A0-BDBA-4E1C-8DE0-AB87F88FCC70}.Release|Any CPU.Build.0 = Release|Any CPU
	EndGlobalSection
	GlobalSection(SolutionProperties) = preSolution
		HideSolutionNode = FALSE
	EndGlobalSection
	GlobalSection(ExtensibilityGlobals) = postSolution
		SolutionGuid = {C6F5AEB6-2CDF-4360-8D45-9B0AD6780AAA}
	EndGlobalSection
EndGlobal
